
Microsoft Visual Studio Solution File, Format Version 12.00
# Visual Studio 15
VisualStudioVersion = 15.0.28307.421
MinimumVisualStudioVersion = 10.0.40219.1
Project("{FAE04EC0-301F-11D3-BF4B-00C04F79EFBC}") = "HW54_SimchaFund_Mar26", "HW54_SimchaFund_Mar26\HW54_SimchaFund_Mar26.csproj", "{D06CB655-95E4-4277-9B22-29E35E4C3688}"
EndProject
Global
	GlobalSection(SolutionConfigurationPlatforms) = preSolution
		Debug|Any CPU = Debug|Any CPU
		Release|Any CPU = Release|Any CPU
	EndGlobalSection
	GlobalSection(ProjectConfigurationPlatforms) = postSolution
		{D06CB655-95E4-4277-9B22-29E35E4C3688}.Debug|Any CPU.ActiveCfg = Debug|Any CPU
		{D06CB655-95E4-4277-9B22-29E35E4C3688}.Debug|Any CPU.Build.0 = Debug|Any CPU
		{D06CB655-95E4-4277-9B22-29E35E4C3688}.Release|Any CPU.ActiveCfg = Release|Any CPU
		{D06CB655-95E4-4277-9B22-29E35E4C3688}.Release|Any CPU.Build.0 = Release|Any CPU
	EndGlobalSection
	GlobalSection(SolutionProperties) = preSolution
		HideSolutionNode = FALSE
	EndGlobalSection
	GlobalSection(ExtensibilityGlobals) = postSolution
		SolutionGuid = {3C94D0D9-53AF-4DD1-8E68-AF10FC856F9D}
	EndGlobalSection
EndGlobal
